
Microsoft Visual Studio Solution File, Format Version 12.00
# Visual Studio 15
VisualStudioVersion = 15.0.27130.2010
MinimumVisualStudioVersion = 10.0.40219.1
Project("{FAE04EC0-301F-11D3-BF4B-00C04F79EFBC}") = "ConsoleApp1", "ConsoleApp1\ConsoleApp1.csproj", "{42981FC8-8E9C-467A-B029-722718DD271B}"
EndProject
Global
	GlobalSection(SolutionConfigurationPlatforms) = preSolution
		Debug|Any CPU = Debug|Any CPU
		Release|Any CPU = Release|Any CPU
	EndGlobalSection
	GlobalSection(ProjectConfigurationPlatforms) = postSolution
		{42981FC8-8E9C-467A-B029-722718DD271B}.Debug|Any CPU.ActiveCfg = Debug|Any CPU
		{42981FC8-8E9C-467A-B029-722718DD271B}.Debug|Any CPU.Build.0 = Debug|Any CPU
		{42981FC8-8E9C-467A-B029-722718DD271B}.Release|Any CPU.ActiveCfg = Release|Any CPU
		{42981FC8-8E9C-467A-B029-722718DD271B}.Release|Any CPU.Build.0 = Release|Any CPU
	EndGlobalSection
	GlobalSection(SolutionProperties) = preSolution
		HideSolutionNode = FALSE
	EndGlobalSection
	GlobalSection(ExtensibilityGlobals) = postSolution
		SolutionGuid = {B57AD055-E4C7-45CD-B2C1-1991A96670D0}
	EndGlobalSection
EndGlobal
